// !$*UTF8*$!
{
	archiveVersion = 1;
	classes = {
	};
	objectVersion = 46;
	objects = {

/* Begin PBXBuildFile section */
		ED1322E31C7F8E8D00DCDCE9 /* AppDelegate.swift in Sources */ = {isa = PBXBuildFile; fileRef = ED1322E21C7F8E8D00DCDCE9 /* AppDelegate.swift */; };
		ED1322E51C7F8E8D00DCDCE9 /* MenuViewController.swift in Sources */ = {isa = PBXBuildFile; fileRef = ED1322E41C7F8E8D00DCDCE9 /* MenuViewController.swift */; };
		ED1322E81C7F8E8D00DCDCE9 /* Main.storyboard in Resources */ = {isa = PBXBuildFile; fileRef = ED1322E61C7F8E8D00DCDCE9 /* Main.storyboard */; };
		ED1322EA1C7F8E8D00DCDCE9 /* Assets.xcassets in Resources */ = {isa = PBXBuildFile; fileRef = ED1322E91C7F8E8D00DCDCE9 /* Assets.xcassets */; };
		ED1322ED1C7F8E8D00DCDCE9 /* LaunchScreen.storyboard in Resources */ = {isa = PBXBuildFile; fileRef = ED1322EB1C7F8E8D00DCDCE9 /* LaunchScreen.storyboard */; };
		ED1322F81C7F8E8D00DCDCE9 /* SushiYasakaTests.swift in Sources */ = {isa = PBXBuildFile; fileRef = ED1322F71C7F8E8D00DCDCE9 /* SushiYasakaTests.swift */; };
		ED1323031C7F8E8D00DCDCE9 /* SushiYasakaUITests.swift in Sources */ = {isa = PBXBuildFile; fileRef = ED1323021C7F8E8D00DCDCE9 /* SushiYasakaUITests.swift */; };
		ED1323141C7F8F3700DCDCE9 /* SWRevealViewController.m in Sources */ = {isa = PBXBuildFile; fileRef = ED1323131C7F8F3700DCDCE9 /* SWRevealViewController.m */; };
		ED1323161C7F9B2D00DCDCE9 /* TableViewController.swift in Sources */ = {isa = PBXBuildFile; fileRef = ED1323151C7F9B2D00DCDCE9 /* TableViewController.swift */; };
		ED1323181C7FBD4500DCDCE9 /* HomeViewController.swift in Sources */ = {isa = PBXBuildFile; fileRef = ED1323171C7FBD4500DCDCE9 /* HomeViewController.swift */; };
		ED13231A1C8003AE00DCDCE9 /* DirectionViewController.swift in Sources */ = {isa = PBXBuildFile; fileRef = ED1323191C8003AE00DCDCE9 /* DirectionViewController.swift */; };
		ED3B05211C800E390025E063 /* Address.swift in Sources */ = {isa = PBXBuildFile; fileRef = ED3B05201C800E390025E063 /* Address.swift */; };
		ED3B05251C8026980025E063 /* ReservationViewController.swift in Sources */ = {isa = PBXBuildFile; fileRef = ED3B05241C8026980025E063 /* ReservationViewController.swift */; };
/* End PBXBuildFile section */

/* Begin PBXContainerItemProxy section */
		ED1322F41C7F8E8D00DCDCE9 /* PBXContainerItemProxy */ = {
			isa = PBXContainerItemProxy;
			containerPortal = ED1322D71C7F8E8D00DCDCE9 /* Project object */;
			proxyType = 1;
			remoteGlobalIDString = ED1322DE1C7F8E8D00DCDCE9;
			remoteInfo = SushiYasaka;
		};
		ED1322FF1C7F8E8D00DCDCE9 /* PBXContainerItemProxy */ = {
			isa = PBXContainerItemProxy;
			containerPortal = ED1322D71C7F8E8D00DCDCE9 /* Project object */;
			proxyType = 1;
			remoteGlobalIDString = ED1322DE1C7F8E8D00DCDCE9;
			remoteInfo = SushiYasaka;
		};
/* End PBXContainerItemProxy section */

/* Begin PBXFileReference section */
		ED1322DF1C7F8E8D00DCDCE9 /* SushiYasaka.app */ = {isa = PBXFileReference; explicitFileType = wrapper.application; includeInIndex = 0; path = SushiYasaka.app; sourceTree = BUILT_PRODUCTS_DIR; };
		ED1322E21C7F8E8D00DCDCE9 /* AppDelegate.swift */ = {isa = PBXFileReference; lastKnownFileType = sourcecode.swift; path = AppDelegate.swift; sourceTree = "<group>"; };
		ED1322E41C7F8E8D00DCDCE9 /* MenuViewController.swift */ = {isa = PBXFileReference; lastKnownFileType = sourcecode.swift; path = MenuViewController.swift; sourceTree = "<group>"; };
		ED1322E71C7F8E8D00DCDCE9 /* Base */ = {isa = PBXFileReference; lastKnownFileType = file.storyboard; name = Base; path = Base.lproj/Main.storyboard; sourceTree = "<group>"; };
		ED1322E91C7F8E8D00DCDCE9 /* Assets.xcassets */ = {isa = PBXFileReference; lastKnownFileType = folder.assetcatalog; path = Assets.xcassets; sourceTree = "<group>"; };
		ED1322EC1C7F8E8D00DCDCE9 /* Base */ = {isa = PBXFileReference; lastKnownFileType = file.storyboard; name = Base; path = Base.lproj/LaunchScreen.storyboard; sourceTree = "<group>"; };
		ED1322EE1C7F8E8D00DCDCE9 /* Info.plist */ = {isa = PBXFileReference; lastKnownFileType = text.plist.xml; path = Info.plist; sourceTree = "<group>"; };
		ED1322F31C7F8E8D00DCDCE9 /* SushiYasakaTests.xctest */ = {isa = PBXFileReference; explicitFileType = wrapper.cfbundle; includeInIndex = 0; path = SushiYasakaTests.xctest; sourceTree = BUILT_PRODUCTS_DIR; };
		ED1322F71C7F8E8D00DCDCE9 /* SushiYasakaTests.swift */ = {isa = PBXFileReference; lastKnownFileType = sourcecode.swift; path = SushiYasakaTests.swift; sourceTree = "<group>"; };
		ED1322F91C7F8E8D00DCDCE9 /* Info.plist */ = {isa = PBXFileReference; lastKnownFileType = text.plist.xml; path = Info.plist; sourceTree = "<group>"; };
		ED1322FE1C7F8E8D00DCDCE9 /* SushiYasakaUITests.xctest */ = {isa = PBXFileReference; explicitFileType = wrapper.cfbundle; includeInIndex = 0; path = SushiYasakaUITests.xctest; sourceTree = BUILT_PRODUCTS_DIR; };
		ED1323021C7F8E8D00DCDCE9 /* SushiYasakaUITests.swift */ = {isa = PBXFileReference; lastKnownFileType = sourcecode.swift; path = SushiYasakaUITests.swift; sourceTree = "<group>"; };
		ED1323041C7F8E8D00DCDCE9 /* Info.plist */ = {isa = PBXFileReference; lastKnownFileType = text.plist.xml; path = Info.plist; sourceTree = "<group>"; };
		ED1323111C7F8F3600DCDCE9 /* SushiYasaka-Bridging-Header.h */ = {isa = PBXFileReference; lastKnownFileType = sourcecode.c.h; path = "SushiYasaka-Bridging-Header.h"; sourceTree = "<group>"; };
		ED1323121C7F8F3700DCDCE9 /* SWRevealViewController.h */ = {isa = PBXFileReference; fileEncoding = 4; lastKnownFileType = sourcecode.c.h; path = SWRevealViewController.h; sourceTree = "<group>"; };
		ED1323131C7F8F3700DCDCE9 /* SWRevealViewController.m */ = {isa = PBXFileReference; fileEncoding = 4; lastKnownFileType = sourcecode.c.objc; path = SWRevealViewController.m; sourceTree = "<group>"; };
		ED1323151C7F9B2D00DCDCE9 /* TableViewController.swift */ = {isa = PBXFileReference; fileEncoding = 4; lastKnownFileType = sourcecode.swift; path = TableViewController.swift; sourceTree = "<group>"; };
		ED1323171C7FBD4500DCDCE9 /* HomeViewController.swift */ = {isa = PBXFileReference; fileEncoding = 4; lastKnownFileType = sourcecode.swift; path = HomeViewController.swift; sourceTree = "<group>"; };
		ED1323191C8003AE00DCDCE9 /* DirectionViewController.swift */ = {isa = PBXFileReference; fileEncoding = 4; lastKnownFileType = sourcecode.swift; path = DirectionViewController.swift; sourceTree = "<group>"; };
		ED3B05201C800E390025E063 /* Address.swift */ = {isa = PBXFileReference; fileEncoding = 4; lastKnownFileType = sourcecode.swift; path = Address.swift; sourceTree = "<group>"; };
		ED3B05241C8026980025E063 /* ReservationViewController.swift */ = {isa = PBXFileReference; fileEncoding = 4; lastKnownFileType = sourcecode.swift; path = ReservationViewController.swift; sourceTree = "<group>"; };
/* End PBXFileReference section */

/* Begin PBXFrameworksBuildPhase section */
		ED1322DC1C7F8E8D00DCDCE9 /* Frameworks */ = {
			isa = PBXFrameworksBuildPhase;
			buildActionMask = 2147483647;
			files = (
			);
			runOnlyForDeploymentPostprocessing = 0;
		};
		ED1322F01C7F8E8D00DCDCE9 /* Frameworks */ = {
			isa = PBXFrameworksBuildPhase;
			buildActionMask = 2147483647;
			files = (
			);
			runOnlyForDeploymentPostprocessing = 0;
		};
		ED1322FB1C7F8E8D00DCDCE9 /* Frameworks */ = {
			isa = PBXFrameworksBuildPhase;
			buildActionMask = 2147483647;
			files = (
			);
			runOnlyForDeploymentPostprocessing = 0;
		};
/* End PBXFrameworksBuildPhase section */

/* Begin PBXGroup section */
		ED1322D61C7F8E8D00DCDCE9 = {
			isa = PBXGroup;
			children = (
				ED1322E11C7F8E8D00DCDCE9 /* SushiYasaka */,
				ED1322F61C7F8E8D00DCDCE9 /* SushiYasakaTests */,
				ED1323011C7F8E8D00DCDCE9 /* SushiYasakaUITests */,
				ED1322E01C7F8E8D00DCDCE9 /* Products */,
			);
			sourceTree = "<group>";
		};
		ED1322E01C7F8E8D00DCDCE9 /* Products */ = {
			isa = PBXGroup;
			children = (
				ED1322DF1C7F8E8D00DCDCE9 /* SushiYasaka.app */,
				ED1322F31C7F8E8D00DCDCE9 /* SushiYasakaTests.xctest */,
				ED1322FE1C7F8E8D00DCDCE9 /* SushiYasakaUITests.xctest */,
			);
			name = Products;
			sourceTree = "<group>";
		};
		ED1322E11C7F8E8D00DCDCE9 /* SushiYasaka */ = {
			isa = PBXGroup;
			children = (
				ED3B05261C8037070025E063 /* Menu Items */,
				ED1322E61C7F8E8D00DCDCE9 /* Main.storyboard */,
				ED1322E91C7F8E8D00DCDCE9 /* Assets.xcassets */,
				ED1322EB1C7F8E8D00DCDCE9 /* LaunchScreen.storyboard */,
				ED1323101C7F8F0900DCDCE9 /* Supporting Files */,
			);
			path = SushiYasaka;
			sourceTree = "<group>";
		};
		ED1322F61C7F8E8D00DCDCE9 /* SushiYasakaTests */ = {
			isa = PBXGroup;
			children = (
				ED1322F71C7F8E8D00DCDCE9 /* SushiYasakaTests.swift */,
				ED1322F91C7F8E8D00DCDCE9 /* Info.plist */,
			);
			path = SushiYasakaTests;
			sourceTree = "<group>";
		};
		ED1323011C7F8E8D00DCDCE9 /* SushiYasakaUITests */ = {
			isa = PBXGroup;
			children = (
				ED1323021C7F8E8D00DCDCE9 /* SushiYasakaUITests.swift */,
				ED1323041C7F8E8D00DCDCE9 /* Info.plist */,
			);
			path = SushiYasakaUITests;
			sourceTree = "<group>";
		};
		ED1323101C7F8F0900DCDCE9 /* Supporting Files */ = {
			isa = PBXGroup;
			children = (
				ED3B05201C800E390025E063 /* Address.swift */,
				ED1322E21C7F8E8D00DCDCE9 /* AppDelegate.swift */,
				ED1322EE1C7F8E8D00DCDCE9 /* Info.plist */,
				ED1323121C7F8F3700DCDCE9 /* SWRevealViewController.h */,
				ED1323111C7F8F3600DCDCE9 /* SushiYasaka-Bridging-Header.h */,
				ED1323131C7F8F3700DCDCE9 /* SWRevealViewController.m */,
			);
			name = "Supporting Files";
			sourceTree = "<group>";
		};
		ED3B05261C8037070025E063 /* Menu Items */ = {
			isa = PBXGroup;
			children = (
				ED1323151C7F9B2D00DCDCE9 /* TableViewController.swift */,
				ED1323171C7FBD4500DCDCE9 /* HomeViewController.swift */,
				ED1323191C8003AE00DCDCE9 /* DirectionViewController.swift */,
				ED3B05241C8026980025E063 /* ReservationViewController.swift */,
				ED1322E41C7F8E8D00DCDCE9 /* MenuViewController.swift */,
			);
			name = "Menu Items";
			sourceTree = "<group>";
		};
/* End PBXGroup section */

/* Begin PBXNativeTarget section */
		ED1322DE1C7F8E8D00DCDCE9 /* SushiYasaka */ = {
			isa = PBXNativeTarget;
			buildConfigurationList = ED1323071C7F8E8D00DCDCE9 /* Build configuration list for PBXNativeTarget "SushiYasaka" */;
			buildPhases = (
				ED1322DB1C7F8E8D00DCDCE9 /* Sources */,
				ED1322DC1C7F8E8D00DCDCE9 /* Frameworks */,
				ED1322DD1C7F8E8D00DCDCE9 /* Resources */,
			);
			buildRules = (
			);
			dependencies = (
			);
			name = SushiYasaka;
			productName = SushiYasaka;
			productReference = ED1322DF1C7F8E8D00DCDCE9 /* SushiYasaka.app */;
			productType = "com.apple.product-type.application";
		};
		ED1322F21C7F8E8D00DCDCE9 /* SushiYasakaTests */ = {
			isa = PBXNativeTarget;
			buildConfigurationList = ED13230A1C7F8E8D00DCDCE9 /* Build configuration list for PBXNativeTarget "SushiYasakaTests" */;
			buildPhases = (
				ED1322EF1C7F8E8D00DCDCE9 /* Sources */,
				ED1322F01C7F8E8D00DCDCE9 /* Frameworks */,
				ED1322F11C7F8E8D00DCDCE9 /* Resources */,
			);
			buildRules = (
			);
			dependencies = (
				ED1322F51C7F8E8D00DCDCE9 /* PBXTargetDependency */,
			);
			name = SushiYasakaTests;
			productName = SushiYasakaTests;
			productReference = ED1322F31C7F8E8D00DCDCE9 /* SushiYasakaTests.xctest */;
			productType = "com.apple.product-type.bundle.unit-test";
		};
		ED1322FD1C7F8E8D00DCDCE9 /* SushiYasakaUITests */ = {
			isa = PBXNativeTarget;
			buildConfigurationList = ED13230D1C7F8E8D00DCDCE9 /* Build configuration list for PBXNativeTarget "SushiYasakaUITests" */;
			buildPhases = (
				ED1322FA1C7F8E8D00DCDCE9 /* Sources */,
				ED1322FB1C7F8E8D00DCDCE9 /* Frameworks */,
				ED1322FC1C7F8E8D00DCDCE9 /* Resources */,
			);
			buildRules = (
			);
			dependencies = (
				ED1323001C7F8E8D00DCDCE9 /* PBXTargetDependency */,
			);
			name = SushiYasakaUITests;
			productName = SushiYasakaUITests;
			productReference = ED1322FE1C7F8E8D00DCDCE9 /* SushiYasakaUITests.xctest */;
			productType = "com.apple.product-type.bundle.ui-testing";
		};
/* End PBXNativeTarget section */

/* Begin PBXProject section */
		ED1322D71C7F8E8D00DCDCE9 /* Project object */ = {
			isa = PBXProject;
			attributes = {
				LastSwiftUpdateCheck = 0720;
				LastUpgradeCheck = 0720;
				ORGANIZATIONNAME = QC.quack;
				TargetAttributes = {
					ED1322DE1C7F8E8D00DCDCE9 = {
						CreatedOnToolsVersion = 7.2.1;
						DevelopmentTeam = HA5TU4C4T4;
					};
					ED1322F21C7F8E8D00DCDCE9 = {
						CreatedOnToolsVersion = 7.2.1;
						TestTargetID = ED1322DE1C7F8E8D00DCDCE9;
					};
					ED1322FD1C7F8E8D00DCDCE9 = {
						CreatedOnToolsVersion = 7.2.1;
						TestTargetID = ED1322DE1C7F8E8D00DCDCE9;
					};
				};
			};
			buildConfigurationList = ED1322DA1C7F8E8D00DCDCE9 /* Build configuration list for PBXProject "SushiYasaka" */;
			compatibilityVersion = "Xcode 3.2";
			developmentRegion = English;
			hasScannedForEncodings = 0;
			knownRegions = (
				en,
				Base,
			);
			mainGroup = ED1322D61C7F8E8D00DCDCE9;
			productRefGroup = ED1322E01C7F8E8D00DCDCE9 /* Products */;
			projectDirPath = "";
			projectRoot = "";
			targets = (
				ED1322DE1C7F8E8D00DCDCE9 /* SushiYasaka */,
				ED1322F21C7F8E8D00DCDCE9 /* SushiYasakaTests */,
				ED1322FD1C7F8E8D00DCDCE9 /* SushiYasakaUITests */,
			);
		};
/* End PBXProject section */

/* Begin PBXResourcesBuildPhase section */
		ED1322DD1C7F8E8D00DCDCE9 /* Resources */ = {
			isa = PBXResourcesBuildPhase;
			buildActionMask = 2147483647;
			files = (
				ED1322ED1C7F8E8D00DCDCE9 /* LaunchScreen.storyboard in Resources */,
				ED1322EA1C7F8E8D00DCDCE9 /* Assets.xcassets in Resources */,
				ED1322E81C7F8E8D00DCDCE9 /* Main.storyboard in Resources */,
			);
			runOnlyForDeploymentPostprocessing = 0;
		};
		ED1322F11C7F8E8D00DCDCE9 /* Resources */ = {
			isa = PBXResourcesBuildPhase;
			buildActionMask = 2147483647;
			files = (
			);
			runOnlyForDeploymentPostprocessing = 0;
		};
		ED1322FC1C7F8E8D00DCDCE9 /* Resources */ = {
			isa = PBXResourcesBuildPhase;
			buildActionMask = 2147483647;
			files = (
			);
			runOnlyForDeploymentPostprocessing = 0;
		};
/* End PBXResourcesBuildPhase section */

/* Begin PBXSourcesBuildPhase section */
		ED1322DB1C7F8E8D00DCDCE9 /* Sources */ = {
			isa = PBXSourcesBuildPhase;
			buildActionMask = 2147483647;
			files = (
				ED1323181C7FBD4500DCDCE9 /* HomeViewController.swift in Sources */,
				ED1322E51C7F8E8D00DCDCE9 /* MenuViewController.swift in Sources */,
				ED13231A1C8003AE00DCDCE9 /* DirectionViewController.swift in Sources */,
				ED3B05251C8026980025E063 /* ReservationViewController.swift in Sources */,
				ED1322E31C7F8E8D00DCDCE9 /* AppDelegate.swift in Sources */,
				ED1323141C7F8F3700DCDCE9 /* SWRevealViewController.m in Sources */,
				ED1323161C7F9B2D00DCDCE9 /* TableViewController.swift in Sources */,
				ED3B05211C800E390025E063 /* Address.swift in Sources */,
			);
			runOnlyForDeploymentPostprocessing = 0;
		};
		ED1322EF1C7F8E8D00DCDCE9 /* Sources */ = {
			isa = PBXSourcesBuildPhase;
			buildActionMask = 2147483647;
			files = (
				ED1322F81C7F8E8D00DCDCE9 /* SushiYasakaTests.swift in Sources */,
			);
			runOnlyForDeploymentPostprocessing = 0;
		};
		ED1322FA1C7F8E8D00DCDCE9 /* Sources */ = {
			isa = PBXSourcesBuildPhase;
			buildActionMask = 2147483647;
			files = (
				ED1323031C7F8E8D00DCDCE9 /* SushiYasakaUITests.swift in Sources */,
			);
			runOnlyForDeploymentPostprocessing = 0;
		};
/* End PBXSourcesBuildPhase section */

/* Begin PBXTargetDependency section */
		ED1322F51C7F8E8D00DCDCE9 /* PBXTargetDependency */ = {
			isa = PBXTargetDependency;
			target = ED1322DE1C7F8E8D00DCDCE9 /* SushiYasaka */;
			targetProxy = ED1322F41C7F8E8D00DCDCE9 /* PBXContainerItemProxy */;
		};
		ED1323001C7F8E8D00DCDCE9 /* PBXTargetDependency */ = {
			isa = PBXTargetDependency;
			target = ED1322DE1C7F8E8D00DCDCE9 /* SushiYasaka */;
			targetProxy = ED1322FF1C7F8E8D00DCDCE9 /* PBXContainerItemProxy */;
		};
/* End PBXTargetDependency section */

/* Begin PBXVariantGroup section */
		ED1322E61C7F8E8D00DCDCE9 /* Main.storyboard */ = {
			isa = PBXVariantGroup;
			children = (
				ED1322E71C7F8E8D00DCDCE9 /* Base */,
			);
			name = Main.storyboard;
			sourceTree = "<group>";
		};
		ED1322EB1C7F8E8D00DCDCE9 /* LaunchScreen.storyboard */ = {
			isa = PBXVariantGroup;
			children = (
				ED1322EC1C7F8E8D00DCDCE9 /* Base */,
			);
			name = LaunchScreen.storyboard;
			sourceTree = "<group>";
		};
/* End PBXVariantGroup section */

/* Begin XCBuildConfiguration section */
		ED1323051C7F8E8D00DCDCE9 /* Debug */ = {
			isa = XCBuildConfiguration;
			buildSettings = {
				ALWAYS_SEARCH_USER_PATHS = NO;
				CLANG_CXX_LANGUAGE_STANDARD = "gnu++0x";
				CLANG_CXX_LIBRARY = "libc++";
				CLANG_ENABLE_MODULES = YES;
				CLANG_ENABLE_OBJC_ARC = YES;
				CLANG_WARN_BOOL_CONVERSION = YES;
				CLANG_WARN_CONSTANT_CONVERSION = YES;
				CLANG_WARN_DIRECT_OBJC_ISA_USAGE = YES_ERROR;
				CLANG_WARN_EMPTY_BODY = YES;
				CLANG_WARN_ENUM_CONVERSION = YES;
				CLANG_WARN_INT_CONVERSION = YES;
				CLANG_WARN_OBJC_ROOT_CLASS = YES_ERROR;
				CLANG_WARN_UNREACHABLE_CODE = YES;
				CLANG_WARN__DUPLICATE_METHOD_MATCH = YES;
				"CODE_SIGN_IDENTITY[sdk=iphoneos*]" = "iPhone Developer";
				COPY_PHASE_STRIP = NO;
				DEBUG_INFORMATION_FORMAT = dwarf;
				ENABLE_STRICT_OBJC_MSGSEND = YES;
				ENABLE_TESTABILITY = YES;
				GCC_C_LANGUAGE_STANDARD = gnu99;
				GCC_DYNAMIC_NO_PIC = NO;
				GCC_NO_COMMON_BLOCKS = YES;
				GCC_OPTIMIZATION_LEVEL = 0;
				GCC_PREPROCESSOR_DEFINITIONS = (
					"DEBUG=1",
					"$(inherited)",
				);
				GCC_WARN_64_TO_32_BIT_CONVERSION = YES;
				GCC_WARN_ABOUT_RETURN_TYPE = YES_ERROR;
				GCC_WARN_UNDECLARED_SELECTOR = YES;
				GCC_WARN_UNINITIALIZED_AUTOS = YES_AGGRESSIVE;
				GCC_WARN_UNUSED_FUNCTION = YES;
				GCC_WARN_UNUSED_VARIABLE = YES;
				IPHONEOS_DEPLOYMENT_TARGET = 9.2;
				MTL_ENABLE_DEBUG_INFO = YES;
				ONLY_ACTIVE_ARCH = YES;
				SDKROOT = iphoneos;
				SWIFT_OPTIMIZATION_LEVEL = "-Onone";
				TARGETED_DEVICE_FAMILY = "1,2";
			};
			name = Debug;
		};
		ED1323061C7F8E8D00DCDCE9 /* Release */ = {
			isa = XCBuildConfiguration;
			buildSettings = {
				ALWAYS_SEARCH_USER_PATHS = NO;
				CLANG_CXX_LANGUAGE_STANDARD = "gnu++0x";
				CLANG_CXX_LIBRARY = "libc++";
				CLANG_ENABLE_MODULES = YES;
				CLANG_ENABLE_OBJC_ARC = YES;
				CLANG_WARN_BOOL_CONVERSION = YES;
				CLANG_WARN_CONSTANT_CONVERSION = YES;
				CLANG_WARN_DIRECT_OBJC_ISA_USAGE = YES_ERROR;
				CLANG_WARN_EMPTY_BODY = YES;
				CLANG_WARN_ENUM_CONVERSION = YES;
				CLANG_WARN_INT_CONVERSION = YES;
				CLANG_WARN_OBJC_ROOT_CLASS = YES_ERROR;
				CLANG_WARN_UNREACHABLE_CODE = YES;
				CLANG_WARN__DUPLICATE_METHOD_MATCH = YES;
				"CODE_SIGN_IDENTITY[sdk=iphoneos*]" = "iPhone Developer";
				COPY_PHASE_STRIP = NO;
				DEBUG_INFORMATION_FORMAT = "dwarf-with-dsym";
				ENABLE_NS_ASSERTIONS = NO;
				ENABLE_STRICT_OBJC_MSGSEND = YES;
				GCC_C_LANGUAGE_STANDARD = gnu99;
				GCC_NO_COMMON_BLOCKS = YES;
				GCC_WARN_64_TO_32_BIT_CONVERSION = YES;
				GCC_WARN_ABOUT_RETURN_TYPE = YES_ERROR;
				GCC_WARN_UNDECLARED_SELECTOR = YES;
				GCC_WARN_UNINITIALIZED_AUTOS = YES_AGGRESSIVE;
				GCC_WARN_UNUSED_FUNCTION = YES;
				GCC_WARN_UNUSED_VARIABLE = YES;
				IPHONEOS_DEPLOYMENT_TARGET = 9.2;
				MTL_ENABLE_DEBUG_INFO = NO;
				SDKROOT = iphoneos;
				TARGETED_DEVICE_FAMILY = "1,2";
				VALIDATE_PRODUCT = YES;
			};
			name = Release;
		};
		ED1323081C7F8E8D00DCDCE9 /* Debug */ = {
			isa = XCBuildConfiguration;
			buildSettings = {
				ASSETCATALOG_COMPILER_APPICON_NAME = AppIcon;
				CLANG_ENABLE_MODULES = YES;
				CODE_SIGN_IDENTITY = "iPhone Developer";
				"CODE_SIGN_IDENTITY[sdk=iphoneos*]" = "iPhone Developer";
				INFOPLIST_FILE = SushiYasaka/Info.plist;
				LD_RUNPATH_SEARCH_PATHS = "$(inherited) @executable_path/Frameworks";
				PRODUCT_BUNDLE_IDENTIFIER = QC.quack.SushiYasaka;
				PRODUCT_NAME = "$(TARGET_NAME)";
				PROVISIONING_PROFILE = "";
				SWIFT_OBJC_BRIDGING_HEADER = "SushiYasaka/SushiYasaka-Bridging-Header.h";
				SWIFT_OPTIMIZATION_LEVEL = "-Onone";
			};
			name = Debug;
		};
		ED1323091C7F8E8D00DCDCE9 /* Release */ = {
			isa = XCBuildConfiguration;
			buildSettings = {
				ASSETCATALOG_COMPILER_APPICON_NAME = AppIcon;
				CLANG_ENABLE_MODULES = YES;
				CODE_SIGN_IDENTITY = "iPhone Developer";
				"CODE_SIGN_IDENTITY[sdk=iphoneos*]" = "iPhone Developer";
				INFOPLIST_FILE = SushiYasaka/Info.plist;
				LD_RUNPATH_SEARCH_PATHS = "$(inherited) @executable_path/Frameworks";
				PRODUCT_BUNDLE_IDENTIFIER = QC.quack.SushiYasaka;
				PRODUCT_NAME = "$(TARGET_NAME)";
				PROVISIONING_PROFILE = "";
				SWIFT_OBJC_BRIDGING_HEADER = "SushiYasaka/SushiYasaka-Bridging-Header.h";
			};
			name = Release;
		};
		ED13230B1C7F8E8D00DCDCE9 /* Debug */ = {
			isa = XCBuildConfiguration;
			buildSettings = {
				BUNDLE_LOADER = "$(TEST_HOST)";
				INFOPLIST_FILE = SushiYasakaTests/Info.plist;
				LD_RUNPATH_SEARCH_PATHS = "$(inherited) @executable_path/Frameworks @loader_path/Frameworks";
				PRODUCT_BUNDLE_IDENTIFIER = QC.quack.SushiYasakaTests;
				PRODUCT_NAME = "$(TARGET_NAME)";
				TEST_HOST = "$(BUILT_PRODUCTS_DIR)/SushiYasaka.app/SushiYasaka";
			};
			name = Debug;
		};
		ED13230C1C7F8E8D00DCDCE9 /* Release */ = {
			isa = XCBuildConfiguration;
			buildSettings = {
				BUNDLE_LOADER = "$(TEST_HOST)";
				INFOPLIST_FILE = SushiYasakaTests/Info.plist;
				LD_RUNPATH_SEARCH_PATHS = "$(inherited) @executable_path/Frameworks @loader_path/Frameworks";
				PRODUCT_BUNDLE_IDENTIFIER = QC.quack.SushiYasakaTests;
				PRODUCT_NAME = "$(TARGET_NAME)";
				TEST_HOST = "$(BUILT_PRODUCTS_DIR)/SushiYasaka.app/SushiYasaka";
			};
			name = Release;
		};
		ED13230E1C7F8E8D00DCDCE9 /* Debug */ = {
			isa = XCBuildConfiguration;
			buildSettings = {
				INFOPLIST_FILE = SushiYasakaUITests/Info.plist;
				LD_RUNPATH_SEARCH_PATHS = "$(inherited) @executable_path/Frameworks @loader_path/Frameworks";
				PRODUCT_BUNDLE_IDENTIFIER = QC.quack.SushiYasakaUITests;
				PRODUCT_NAME = "$(TARGET_NAME)";
				TEST_TARGET_NAME = SushiYasaka;
				USES_XCTRUNNER = YES;
			};
			name = Debug;
		};
		ED13230F1C7F8E8D00DCDCE9 /* Release */ = {
			isa = XCBuildConfiguration;
			buildSettings = {
				INFOPLIST_FILE = SushiYasakaUITests/Info.plist;
				LD_RUNPATH_SEARCH_PATHS = "$(inherited) @executable_path/Frameworks @loader_path/Frameworks";
				PRODUCT_BUNDLE_IDENTIFIER = QC.quack.SushiYasakaUITests;
				PRODUCT_NAME = "$(TARGET_NAME)";
				TEST_TARGET_NAME = SushiYasaka;
				USES_XCTRUNNER = YES;
			};
			name = Release;
		};
/* End XCBuildConfiguration section */

/* Begin XCConfigurationList section */
		ED1322DA1C7F8E8D00DCDCE9 /* Build configuration list for PBXProject "SushiYasaka" */ = {
			isa = XCConfigurationList;
			buildConfigurations = (
				ED1323051C7F8E8D00DCDCE9 /* Debug */,
				ED1323061C7F8E8D00DCDCE9 /* Release */,
			);
			defaultConfigurationIsVisible = 0;
			defaultConfigurationName = Release;
		};
		ED1323071C7F8E8D00DCDCE9 /* Build configuration list for PBXNativeTarget "SushiYasaka" */ = {
			isa = XCConfigurationList;
			buildConfigurations = (
				ED1323081C7F8E8D00DCDCE9 /* Debug */,
				ED1323091C7F8E8D00DCDCE9 /* Release */,
			);
			defaultConfigurationIsVisible = 0;
			defaultConfigurationName = Release;
		};
		ED13230A1C7F8E8D00DCDCE9 /* Build configuration list for PBXNativeTarget "SushiYasakaTests" */ = {
			isa = XCConfigurationList;
			buildConfigurations = (
				ED13230B1C7F8E8D00DCDCE9 /* Debug */,
				ED13230C1C7F8E8D00DCDCE9 /* Release */,
			);
			defaultConfigurationIsVisible = 0;
			defaultConfigurationName = Release;
		};
		ED13230D1C7F8E8D00DCDCE9 /* Build configuration list for PBXNativeTarget "SushiYasakaUITests" */ = {
			isa = XCConfigurationList;
			buildConfigurations = (
				ED13230E1C7F8E8D00DCDCE9 /* Debug */,
				ED13230F1C7F8E8D00DCDCE9 /* Release */,
			);
			defaultConfigurationIsVisible = 0;
			defaultConfigurationName = Release;
		};
/* End XCConfigurationList section */
	};
	rootObject = ED1322D71C7F8E8D00DCDCE9 /* Project object */;
}
